
Microsoft Visual Studio Solution File, Format Version 12.00
# Visual Studio Version 16
VisualStudioVersion = 16.0.31205.134
MinimumVisualStudioVersion = 10.0.40219.1
Project("{9A19103F-16F7-4668-BE54-9A1E7A4F7556}") = "WebAPI-Petshop", "WebAPI-Petshop\WebAPI-Petshop.csproj", "{D35B8C36-A840-44E2-AA59-7F9A241587C5}"
EndProject
Project("{FAE04EC0-301F-11D3-BF4B-00C04F79EFBC}") = "WebAPI-PetshopTests", "WebAPI-PetshopTests\WebAPI-PetshopTests.csproj", "{DBAD4E92-A3D6-4A24-8405-38978BCB60C4}"
EndProject
Global
	GlobalSection(SolutionConfigurationPlatforms) = preSolution
		Debug|Any CPU = Debug|Any CPU
		Release|Any CPU = Release|Any CPU
	EndGlobalSection
	GlobalSection(ProjectConfigurationPlatforms) = postSolution
		{D35B8C36-A840-44E2-AA59-7F9A241587C5}.Debug|Any CPU.ActiveCfg = Debug|Any CPU
		{D35B8C36-A840-44E2-AA59-7F9A241587C5}.Debug|Any CPU.Build.0 = Debug|Any CPU
		{D35B8C36-A840-44E2-AA59-7F9A241587C5}.Release|Any CPU.ActiveCfg = Release|Any CPU
		{D35B8C36-A840-44E2-AA59-7F9A241587C5}.Release|Any CPU.Build.0 = Release|Any CPU
		{DBAD4E92-A3D6-4A24-8405-38978BCB60C4}.Debug|Any CPU.ActiveCfg = Debug|Any CPU
		{DBAD4E92-A3D6-4A24-8405-38978BCB60C4}.Debug|Any CPU.Build.0 = Debug|Any CPU
		{DBAD4E92-A3D6-4A24-8405-38978BCB60C4}.Release|Any CPU.ActiveCfg = Release|Any CPU
		{DBAD4E92-A3D6-4A24-8405-38978BCB60C4}.Release|Any CPU.Build.0 = Release|Any CPU
	EndGlobalSection
	GlobalSection(SolutionProperties) = preSolution
		HideSolutionNode = FALSE
	EndGlobalSection
	GlobalSection(ExtensibilityGlobals) = postSolution
		SolutionGuid = {08880A73-89A6-4A9B-99E1-7D8E4EC5D699}
	EndGlobalSection
EndGlobal
